{
  "pins" : [
    {
      "identity" : "cocoaasyncsocket",
      "kind" : "remoteSourceControl",
      "location" : "https://github.com/robbiehanson/CocoaAsyncSocket",
      "state" : {
        "revision" : "dbdc00669c1ced63b27c3c5f052ee4d28f10150c",
        "version" : "7.6.5"
      }
    },
    {
      "identity" : "criollo",
      "kind" : "remoteSourceControl",
      "location" : "https://github.com/thecatalinstan/Criollo",
      "state" : {
        "branch" : "master",
        "revision" : "d0aa6ee6fcd48c436f92e9d8e09813db4765c9d8"
      }
    }
  ],
  "version" : 2
}
