{
  "pins" : [
    {
      "identity" : "cocoaasyncsocket",
      "kind" : "remoteSourceControl",
      "location" : "https://github.com/robbiehanson/CocoaAsyncSocket",
      "state" : {
        "revision" : "dbdc00669c1ced63b27c3c5f052ee4d28f10150c",
        "version" : "7.6.5"
      }
    },
    {
      "identity" : "criollo",
      "kind" : "remoteSourceControl",
      "location" : "https://github.com/IvanDenezhkin/Criollo.git",
      "state" : {
        "branch" : "master",
        "revision" : "af91555505f284c6a048d2db807a22630bfdac0f"
      }
    },
    {
      "identity" : "threading",
      "kind" : "remoteSourceControl",
      "location" : "https://github.com/NikSativa/Threading.git",
      "state" : {
        "revision" : "10d8b0ab4d96adc2519d9435f8c046b80ee36008",
        "version" : "2.1.0"
      }
    }
  ],
  "version" : 2
}
